
Microsoft Visual Studio Solution File, Format Version 12.00
# Visual Studio Version 16
VisualStudioVersion = 16.0.29709.97
MinimumVisualStudioVersion = 10.0.40219.1
Project("{FAE04EC0-301F-11D3-BF4B-00C04F79EFBC}") = "FBClients", "FBClients.csproj", "{2E64C942-4649-43CE-ACC6-5B3E92ACCB6E}"
EndProject
Global
	GlobalSection(SolutionConfigurationPlatforms) = preSolution
		Debug|Any CPU = Debug|Any CPU
		Release|Any CPU = Release|Any CPU
	EndGlobalSection
	GlobalSection(ProjectConfigurationPlatforms) = postSolution
		{2E64C942-4649-43CE-ACC6-5B3E92ACCB6E}.Debug|Any CPU.ActiveCfg = Debug|Any CPU
		{2E64C942-4649-43CE-ACC6-5B3E92ACCB6E}.Debug|Any CPU.Build.0 = Debug|Any CPU
		{2E64C942-4649-43CE-ACC6-5B3E92ACCB6E}.Release|Any CPU.ActiveCfg = Release|Any CPU
		{2E64C942-4649-43CE-ACC6-5B3E92ACCB6E}.Release|Any CPU.Build.0 = Release|Any CPU
	EndGlobalSection
	GlobalSection(SolutionProperties) = preSolution
		HideSolutionNode = FALSE
	EndGlobalSection
	GlobalSection(ExtensibilityGlobals) = postSolution
		SolutionGuid = {D2C81B16-BE04-40E3-8E70-50E7FD7E19F3}
	EndGlobalSection
EndGlobal
